
Microsoft Visual Studio Solution File, Format Version 12.00
# Visual Studio Version 17
VisualStudioVersion = 17.8.34309.116
MinimumVisualStudioVersion = 10.0.40219.1
Project("{9A19103F-16F7-4668-BE54-9A1E7A4F7556}") = "HelloWorld", "GraphQL.NET\HelloWorld.csproj", "{E1F07213-158B-4DFF-9B4C-A0FC5B360FCB}"
EndProject
Project("{9A19103F-16F7-4668-BE54-9A1E7A4F7556}") = "SchemaFirst", "SchemaFirst\SchemaFirst.csproj", "{F48D015B-A469-4C75-BDBD-60FE9921C2E7}"
EndProject
Project("{FAE04EC0-301F-11D3-BF4B-00C04F79EFBC}") = "GraphTypeFirst", "GraphTypeFirst\GraphTypeFirst.csproj", "{072E1D3F-406E-4FDD-8BA0-B1F380200C40}"
EndProject
Project("{FAE04EC0-301F-11D3-BF4B-00C04F79EFBC}") = "SchemaFirstNestedTypes", "SchemeFirstNestedTypes\SchemaFirstNestedTypes.csproj", "{1CC8E338-2632-42A7-AC87-5DAA8745A386}"
EndProject
Global
	GlobalSection(SolutionConfigurationPlatforms) = preSolution
		Debug|Any CPU = Debug|Any CPU
		Release|Any CPU = Release|Any CPU
	EndGlobalSection
	GlobalSection(ProjectConfigurationPlatforms) = postSolution
		{E1F07213-158B-4DFF-9B4C-A0FC5B360FCB}.Debug|Any CPU.ActiveCfg = Debug|Any CPU
		{E1F07213-158B-4DFF-9B4C-A0FC5B360FCB}.Debug|Any CPU.Build.0 = Debug|Any CPU
		{E1F07213-158B-4DFF-9B4C-A0FC5B360FCB}.Release|Any CPU.ActiveCfg = Release|Any CPU
		{E1F07213-158B-4DFF-9B4C-A0FC5B360FCB}.Release|Any CPU.Build.0 = Release|Any CPU
		{F48D015B-A469-4C75-BDBD-60FE9921C2E7}.Debug|Any CPU.ActiveCfg = Debug|Any CPU
		{F48D015B-A469-4C75-BDBD-60FE9921C2E7}.Debug|Any CPU.Build.0 = Debug|Any CPU
		{F48D015B-A469-4C75-BDBD-60FE9921C2E7}.Release|Any CPU.ActiveCfg = Release|Any CPU
		{F48D015B-A469-4C75-BDBD-60FE9921C2E7}.Release|Any CPU.Build.0 = Release|Any CPU
		{072E1D3F-406E-4FDD-8BA0-B1F380200C40}.Debug|Any CPU.ActiveCfg = Debug|Any CPU
		{072E1D3F-406E-4FDD-8BA0-B1F380200C40}.Debug|Any CPU.Build.0 = Debug|Any CPU
		{072E1D3F-406E-4FDD-8BA0-B1F380200C40}.Release|Any CPU.ActiveCfg = Release|Any CPU
		{072E1D3F-406E-4FDD-8BA0-B1F380200C40}.Release|Any CPU.Build.0 = Release|Any CPU
		{1CC8E338-2632-42A7-AC87-5DAA8745A386}.Debug|Any CPU.ActiveCfg = Debug|Any CPU
		{1CC8E338-2632-42A7-AC87-5DAA8745A386}.Debug|Any CPU.Build.0 = Debug|Any CPU
		{1CC8E338-2632-42A7-AC87-5DAA8745A386}.Release|Any CPU.ActiveCfg = Release|Any CPU
		{1CC8E338-2632-42A7-AC87-5DAA8745A386}.Release|Any CPU.Build.0 = Release|Any CPU
	EndGlobalSection
	GlobalSection(SolutionProperties) = preSolution
		HideSolutionNode = FALSE
	EndGlobalSection
	GlobalSection(ExtensibilityGlobals) = postSolution
		SolutionGuid = {4078042D-B12E-4E43-B0C6-6DCAAEC81B81}
	EndGlobalSection
EndGlobal
